
Microsoft Visual Studio Solution File, Format Version 12.00
# Visual Studio Version 17
VisualStudioVersion = 17.6.33829.357
MinimumVisualStudioVersion = 10.0.40219.1
Project("{9A19103F-16F7-4668-BE54-9A1E7A4F7556}") = "trilha-net-azure-desafio", "trilha-net-azure-desafio.csproj", "{FF38A922-87E2-4E7E-84BB-52772E3E7FBA}"
EndProject
Global
	GlobalSection(SolutionConfigurationPlatforms) = preSolution
		Debug|Any CPU = Debug|Any CPU
		Release|Any CPU = Release|Any CPU
	EndGlobalSection
	GlobalSection(ProjectConfigurationPlatforms) = postSolution
		{FF38A922-87E2-4E7E-84BB-52772E3E7FBA}.Debug|Any CPU.ActiveCfg = Debug|Any CPU
		{FF38A922-87E2-4E7E-84BB-52772E3E7FBA}.Debug|Any CPU.Build.0 = Debug|Any CPU
		{FF38A922-87E2-4E7E-84BB-52772E3E7FBA}.Release|Any CPU.ActiveCfg = Release|Any CPU
		{FF38A922-87E2-4E7E-84BB-52772E3E7FBA}.Release|Any CPU.Build.0 = Release|Any CPU
	EndGlobalSection
	GlobalSection(SolutionProperties) = preSolution
		HideSolutionNode = FALSE
	EndGlobalSection
	GlobalSection(ExtensibilityGlobals) = postSolution
		SolutionGuid = {0E387D53-6E21-4A17-B017-AF8D51485B0F}
	EndGlobalSection
EndGlobal
