
Microsoft Visual Studio Solution File, Format Version 12.00
# Visual Studio Version 17
VisualStudioVersion = 17.6.33829.357
MinimumVisualStudioVersion = 10.0.40219.1
Project("{FAE04EC0-301F-11D3-BF4B-00C04F79EFBC}") = "trilha-net-api-desafio", "trilha-net-api-desafio.csproj", "{C3195101-4F0D-49B1-8E77-98E328085FA7}"
EndProject
Global
	GlobalSection(SolutionConfigurationPlatforms) = preSolution
		Debug|Any CPU = Debug|Any CPU
		Release|Any CPU = Release|Any CPU
	EndGlobalSection
	GlobalSection(ProjectConfigurationPlatforms) = postSolution
		{C3195101-4F0D-49B1-8E77-98E328085FA7}.Debug|Any CPU.ActiveCfg = Debug|Any CPU
		{C3195101-4F0D-49B1-8E77-98E328085FA7}.Debug|Any CPU.Build.0 = Debug|Any CPU
		{C3195101-4F0D-49B1-8E77-98E328085FA7}.Release|Any CPU.ActiveCfg = Release|Any CPU
		{C3195101-4F0D-49B1-8E77-98E328085FA7}.Release|Any CPU.Build.0 = Release|Any CPU
	EndGlobalSection
	GlobalSection(SolutionProperties) = preSolution
		HideSolutionNode = FALSE
	EndGlobalSection
	GlobalSection(ExtensibilityGlobals) = postSolution
		SolutionGuid = {516D2C33-18E9-449B-955E-A6D2263917FB}
	EndGlobalSection
EndGlobal
